
Microsoft Visual Studio Solution File, Format Version 12.00
# Visual Studio Version 17
VisualStudioVersion = 17.0.32112.339
MinimumVisualStudioVersion = 10.0.40219.1
Project("{9A19103F-16F7-4668-BE54-9A1E7A4F7556}") = "Peak", "Peak.csproj", "{5A0C8C6B-440B-429B-9C1A-A78FF35C58A0}"
EndProject
Global
	GlobalSection(SolutionConfigurationPlatforms) = preSolution
		Debug|Any CPU = Debug|Any CPU
		Release|Any CPU = Release|Any CPU
	EndGlobalSection
	GlobalSection(ProjectConfigurationPlatforms) = postSolution
		{5A0C8C6B-440B-429B-9C1A-A78FF35C58A0}.Debug|Any CPU.ActiveCfg = Debug|Any CPU
		{5A0C8C6B-440B-429B-9C1A-A78FF35C58A0}.Debug|Any CPU.Build.0 = Debug|Any CPU
		{5A0C8C6B-440B-429B-9C1A-A78FF35C58A0}.Release|Any CPU.ActiveCfg = Release|Any CPU
		{5A0C8C6B-440B-429B-9C1A-A78FF35C58A0}.Release|Any CPU.Build.0 = Release|Any CPU
	EndGlobalSection
	GlobalSection(SolutionProperties) = preSolution
		HideSolutionNode = FALSE
	EndGlobalSection
	GlobalSection(ExtensibilityGlobals) = postSolution
		SolutionGuid = {7390307F-744D-400F-B80E-1E7E199BF4A5}
	EndGlobalSection
EndGlobal
